{
  "version": 4,
  "terraform_version": "1.8.3",
  "serial": 59,
  "lineage": "02badf4c-f0a3-5ecc-dc17-99c706c018f9",
  "outputs": {},
  "resources": [
    {
      "module": "module.network_interface",
      "mode": "managed",
      "type": "azurerm_network_interface",
      "name": "nic",
      "provider": "provider[\"registry.terraform.io/hashicorp/azurerm\"]",
      "instances": [
        {
          "schema_version": 0,
          "attributes": {
            "applied_dns_servers": [],
            "auxiliary_mode": "",
            "auxiliary_sku": "",
            "dns_servers": [],
            "edge_zone": "",
            "enable_accelerated_networking": false,
            "enable_ip_forwarding": false,
            "id": "/subscriptions/abdbf783-68b9-4a5b-841c-df2a8752cb9a/resourceGroups/resourcegroup/providers/Microsoft.Network/networkInterfaces/nic-1",
            "internal_dns_name_label": "",
            "internal_domain_name_suffix": "4q41cbts2i2u1eu1thayqud2tg.gx.internal.cloudapp.net",
            "ip_configuration": [
              {
                "gateway_load_balancer_frontend_ip_configuration_id": "",
                "name": "rule-1",
                "primary": true,
                "private_ip_address": "192.168.1.69",
                "private_ip_address_allocation": "Static",
                "private_ip_address_version": "IPv4",
                "public_ip_address_id": "",
                "subnet_id": "/subscriptions/abdbf783-68b9-4a5b-841c-df2a8752cb9a/resourceGroups/resourcegroup/providers/Microsoft.Network/virtualNetworks/jenkinsmaster4/subnets/Subnet-1"
              }
            ],
            "location": "centralus",
            "mac_address": "",
            "name": "nic-1",
            "private_ip_address": "192.168.1.69",
            "private_ip_addresses": [
              "192.168.1.69"
            ],
            "resource_group_name": "resourcegroup",
            "tags": null,
            "timeouts": null,
            "virtual_machine_id": ""
          },
          "sensitive_attributes": [],
          "private": "eyJlMmJmYjczMC1lY2FhLTExZTYtOGY4OC0zNDM2M2JjN2M0YzAiOnsiY3JlYXRlIjoxODAwMDAwMDAwMDAwLCJkZWxldGUiOjE4MDAwMDAwMDAwMDAsInJlYWQiOjMwMDAwMDAwMDAwMCwidXBkYXRlIjoxODAwMDAwMDAwMDAwfX0=",
          "dependencies": [
            "module.resource_group.azurerm_resource_group.rsg",
            "module.subnets.azurerm_subnet.subnet",
            "module.virtual_networks.azurerm_virtual_network.vnet",
            "module.virtual_networks.random_integer.int"
          ]
        }
      ]
    },
    {
      "module": "module.network_security_group",
      "mode": "managed",
      "type": "azurerm_network_security_group",
      "name": "nsg",
      "provider": "provider[\"registry.terraform.io/hashicorp/azurerm\"]",
      "instances": [
        {
          "schema_version": 0,
          "attributes": {
            "id": "/subscriptions/abdbf783-68b9-4a5b-841c-df2a8752cb9a/resourceGroups/resourcegroup/providers/Microsoft.Network/networkSecurityGroups/nsg24",
            "location": "centralus",
            "name": "nsg24",
            "resource_group_name": "resourcegroup",
            "security_rule": [],
            "tags": {},
            "timeouts": null
          },
          "sensitive_attributes": [],
          "private": "eyJlMmJmYjczMC1lY2FhLTExZTYtOGY4OC0zNDM2M2JjN2M0YzAiOnsiY3JlYXRlIjoxODAwMDAwMDAwMDAwLCJkZWxldGUiOjE4MDAwMDAwMDAwMDAsInJlYWQiOjMwMDAwMDAwMDAwMCwidXBkYXRlIjoxODAwMDAwMDAwMDAwfX0=",
          "dependencies": [
            "module.network_security_group.random_integer.int",
            "module.resource_group.azurerm_resource_group.rsg"
          ]
        }
      ]
    },
    {
      "module": "module.network_security_group",
      "mode": "managed",
      "type": "random_integer",
      "name": "int",
      "provider": "provider[\"registry.terraform.io/hashicorp/random\"]",
      "instances": [
        {
          "schema_version": 0,
          "attributes": {
            "id": "24",
            "keepers": null,
            "max": 30,
            "min": 1,
            "result": 24,
            "seed": null
          },
          "sensitive_attributes": []
        }
      ]
    },
    {
      "module": "module.resource_group",
      "mode": "managed",
      "type": "azurerm_resource_group",
      "name": "rsg",
      "provider": "provider[\"registry.terraform.io/hashicorp/azurerm\"]",
      "instances": [
        {
          "schema_version": 0,
          "attributes": {
            "id": "/subscriptions/abdbf783-68b9-4a5b-841c-df2a8752cb9a/resourceGroups/resourcegroup",
            "location": "centralus",
            "managed_by": "",
            "name": "resourcegroup",
            "tags": {},
            "timeouts": null
          },
          "sensitive_attributes": [],
          "private": "eyJlMmJmYjczMC1lY2FhLTExZTYtOGY4OC0zNDM2M2JjN2M0YzAiOnsiY3JlYXRlIjo1NDAwMDAwMDAwMDAwLCJkZWxldGUiOjU0MDAwMDAwMDAwMDAsInJlYWQiOjMwMDAwMDAwMDAwMCwidXBkYXRlIjo1NDAwMDAwMDAwMDAwfX0="
        }
      ]
    },
    {
      "module": "module.storage_account",
      "mode": "managed",
      "type": "azurerm_storage_account",
      "name": "storage",
      "provider": "provider[\"registry.terraform.io/hashicorp/azurerm\"]",
      "instances": [
        {
          "schema_version": 4,
          "attributes": {
            "access_tier": "Hot",
            "account_kind": "StorageV2",
            "account_replication_type": "GRS",
            "account_tier": "Standard",
            "allow_nested_items_to_be_public": true,
            "allowed_copy_scope": "",
            "azure_files_authentication": [],
            "blob_properties": [
              {
                "change_feed_enabled": false,
                "change_feed_retention_in_days": 0,
                "container_delete_retention_policy": [],
                "cors_rule": [],
                "default_service_version": "",
                "delete_retention_policy": [],
                "last_access_time_enabled": false,
                "restore_policy": [],
                "versioning_enabled": false
              }
            ],
            "cross_tenant_replication_enabled": true,
            "custom_domain": [],
            "customer_managed_key": [],
            "default_to_oauth_authentication": false,
            "dns_endpoint_type": "Standard",
            "edge_zone": "",
            "enable_https_traffic_only": true,
            "id": "/subscriptions/abdbf783-68b9-4a5b-841c-df2a8752cb9a/resourceGroups/resourcegroup/providers/Microsoft.Storage/storageAccounts/storage380",
            "identity": [],
            "immutability_policy": [],
            "infrastructure_encryption_enabled": false,
            "is_hns_enabled": false,
            "large_file_share_enabled": null,
            "local_user_enabled": true,
            "location": "centralus",
            "min_tls_version": "TLS1_2",
            "name": "storage380",
            "network_rules": [
              {
                "bypass": [
                  "AzureServices"
                ],
                "default_action": "Allow",
                "ip_rules": [],
                "private_link_access": [],
                "virtual_network_subnet_ids": []
              }
            ],
            "nfsv3_enabled": false,
            "primary_access_key": "JdbYLuujOqef/b0qg+VyejQ9OU4zYgYnqsuHQzDj/dda4GDIdSE5AA3rvl5/Qe62q+Df34RKYT8a+AStiKJPKg==",
            "primary_blob_connection_string": "DefaultEndpointsProtocol=https;BlobEndpoint=https://storage380.blob.core.windows.net/;AccountName=storage380;AccountKey=JdbYLuujOqef/b0qg+VyejQ9OU4zYgYnqsuHQzDj/dda4GDIdSE5AA3rvl5/Qe62q+Df34RKYT8a+AStiKJPKg==",
            "primary_blob_endpoint": "https://storage380.blob.core.windows.net/",
            "primary_blob_host": "storage380.blob.core.windows.net",
            "primary_blob_internet_endpoint": "",
            "primary_blob_internet_host": "",
            "primary_blob_microsoft_endpoint": "",
            "primary_blob_microsoft_host": "",
            "primary_connection_string": "DefaultEndpointsProtocol=https;AccountName=storage380;AccountKey=JdbYLuujOqef/b0qg+VyejQ9OU4zYgYnqsuHQzDj/dda4GDIdSE5AA3rvl5/Qe62q+Df34RKYT8a+AStiKJPKg==;EndpointSuffix=core.windows.net",
            "primary_dfs_endpoint": "https://storage380.dfs.core.windows.net/",
            "primary_dfs_host": "storage380.dfs.core.windows.net",
            "primary_dfs_internet_endpoint": "",
            "primary_dfs_internet_host": "",
            "primary_dfs_microsoft_endpoint": "",
            "primary_dfs_microsoft_host": "",
            "primary_file_endpoint": "https://storage380.file.core.windows.net/",
            "primary_file_host": "storage380.file.core.windows.net",
            "primary_file_internet_endpoint": "",
            "primary_file_internet_host": "",
            "primary_file_microsoft_endpoint": "",
            "primary_file_microsoft_host": "",
            "primary_location": "centralus",
            "primary_queue_endpoint": "https://storage380.queue.core.windows.net/",
            "primary_queue_host": "storage380.queue.core.windows.net",
            "primary_queue_microsoft_endpoint": "",
            "primary_queue_microsoft_host": "",
            "primary_table_endpoint": "https://storage380.table.core.windows.net/",
            "primary_table_host": "storage380.table.core.windows.net",
            "primary_table_microsoft_endpoint": "",
            "primary_table_microsoft_host": "",
            "primary_web_endpoint": "https://storage380.z19.web.core.windows.net/",
            "primary_web_host": "storage380.z19.web.core.windows.net",
            "primary_web_internet_endpoint": "",
            "primary_web_internet_host": "",
            "primary_web_microsoft_endpoint": "",
            "primary_web_microsoft_host": "",
            "public_network_access_enabled": true,
            "queue_encryption_key_type": "Service",
            "queue_properties": [
              {
                "cors_rule": [],
                "hour_metrics": [
                  {
                    "enabled": true,
                    "include_apis": true,
                    "retention_policy_days": 7,
                    "version": "1.0"
                  }
                ],
                "logging": [
                  {
                    "delete": false,
                    "read": false,
                    "retention_policy_days": 0,
                    "version": "1.0",
                    "write": false
                  }
                ],
                "minute_metrics": [
                  {
                    "enabled": false,
                    "include_apis": false,
                    "retention_policy_days": 0,
                    "version": "1.0"
                  }
                ]
              }
            ],
            "resource_group_name": "resourcegroup",
            "routing": [],
            "sas_policy": [],
            "secondary_access_key": "Tt+7ZKzAghsBPge2fx1O6opqtu3jlXPd/N/oR6SgMB67qHFyPLRF63NjVq7OHRjQ32eLBpzfCbJO+AStOglyoQ==",
            "secondary_blob_connection_string": "",
            "secondary_blob_endpoint": null,
            "secondary_blob_host": null,
            "secondary_blob_internet_endpoint": null,
            "secondary_blob_internet_host": null,
            "secondary_blob_microsoft_endpoint": null,
            "secondary_blob_microsoft_host": null,
            "secondary_connection_string": "DefaultEndpointsProtocol=https;AccountName=storage380;AccountKey=Tt+7ZKzAghsBPge2fx1O6opqtu3jlXPd/N/oR6SgMB67qHFyPLRF63NjVq7OHRjQ32eLBpzfCbJO+AStOglyoQ==;EndpointSuffix=core.windows.net",
            "secondary_dfs_endpoint": null,
            "secondary_dfs_host": null,
            "secondary_dfs_internet_endpoint": null,
            "secondary_dfs_internet_host": null,
            "secondary_dfs_microsoft_endpoint": null,
            "secondary_dfs_microsoft_host": null,
            "secondary_file_endpoint": null,
            "secondary_file_host": null,
            "secondary_file_internet_endpoint": null,
            "secondary_file_internet_host": null,
            "secondary_file_microsoft_endpoint": null,
            "secondary_file_microsoft_host": null,
            "secondary_location": "eastus2",
            "secondary_queue_endpoint": null,
            "secondary_queue_host": null,
            "secondary_queue_microsoft_endpoint": null,
            "secondary_queue_microsoft_host": null,
            "secondary_table_endpoint": null,
            "secondary_table_host": null,
            "secondary_table_microsoft_endpoint": null,
            "secondary_table_microsoft_host": null,
            "secondary_web_endpoint": null,
            "secondary_web_host": null,
            "secondary_web_internet_endpoint": null,
            "secondary_web_internet_host": null,
            "secondary_web_microsoft_endpoint": null,
            "secondary_web_microsoft_host": null,
            "sftp_enabled": false,
            "share_properties": [
              {
                "cors_rule": [],
                "retention_policy": [
                  {
                    "days": 7
                  }
                ],
                "smb": []
              }
            ],
            "shared_access_key_enabled": true,
            "static_website": [],
            "table_encryption_key_type": "Service",
            "tags": {},
            "timeouts": null
          },
          "sensitive_attributes": [
            [
              {
                "type": "get_attr",
                "value": "primary_access_key"
              }
            ],
            [
              {
                "type": "get_attr",
                "value": "secondary_blob_connection_string"
              }
            ],
            [
              {
                "type": "get_attr",
                "value": "secondary_access_key"
              }
            ],
            [
              {
                "type": "get_attr",
                "value": "secondary_connection_string"
              }
            ],
            [
              {
                "type": "get_attr",
                "value": "primary_connection_string"
              }
            ],
            [
              {
                "type": "get_attr",
                "value": "primary_blob_connection_string"
              }
            ]
          ],
          "private": "eyJlMmJmYjczMC1lY2FhLTExZTYtOGY4OC0zNDM2M2JjN2M0YzAiOnsiY3JlYXRlIjozNjAwMDAwMDAwMDAwLCJkZWxldGUiOjM2MDAwMDAwMDAwMDAsInJlYWQiOjMwMDAwMDAwMDAwMCwidXBkYXRlIjozNjAwMDAwMDAwMDAwfSwic2NoZW1hX3ZlcnNpb24iOiI0In0=",
          "dependencies": [
            "module.resource_group.azurerm_resource_group.rsg",
            "module.storage_account.random_integer.int"
          ]
        }
      ]
    },
    {
      "module": "module.storage_account",
      "mode": "managed",
      "type": "random_integer",
      "name": "int",
      "provider": "provider[\"registry.terraform.io/hashicorp/random\"]",
      "instances": [
        {
          "schema_version": 0,
          "attributes": {
            "id": "380",
            "keepers": null,
            "max": 9999,
            "min": 1,
            "result": 380,
            "seed": null
          },
          "sensitive_attributes": []
        }
      ]
    },
    {
      "module": "module.storage_blob",
      "mode": "managed",
      "type": "azurerm_storage_blob",
      "name": "blob",
      "provider": "provider[\"registry.terraform.io/hashicorp/azurerm\"]",
      "instances": [
        {
          "schema_version": 1,
          "attributes": {
            "access_tier": "Hot",
            "cache_control": "",
            "content_md5": "",
            "content_type": "application/octet-stream",
            "encryption_scope": "",
            "id": "https://storage380.blob.core.windows.net/storage380/blob3692",
            "metadata": {},
            "name": "blob3692",
            "parallelism": 8,
            "size": 0,
            "source": null,
            "source_content": null,
            "source_uri": null,
            "storage_account_name": "storage380",
            "storage_container_name": "storage380",
            "timeouts": null,
            "type": "Block",
            "url": "https://storage380.blob.core.windows.net/storage380/blob3692"
          },
          "sensitive_attributes": [],
          "private": "eyJlMmJmYjczMC1lY2FhLTExZTYtOGY4OC0zNDM2M2JjN2M0YzAiOnsiY3JlYXRlIjoxODAwMDAwMDAwMDAwLCJkZWxldGUiOjE4MDAwMDAwMDAwMDAsInJlYWQiOjMwMDAwMDAwMDAwMCwidXBkYXRlIjoxODAwMDAwMDAwMDAwfSwic2NoZW1hX3ZlcnNpb24iOiIxIn0=",
          "dependencies": [
            "module.resource_group.azurerm_resource_group.rsg",
            "module.storage_account.azurerm_storage_account.storage",
            "module.storage_account.random_integer.int",
            "module.storage_blob.random_integer.integer",
            "module.storage_container.azurerm_storage_container.container"
          ]
        }
      ]
    },
    {
      "module": "module.storage_blob",
      "mode": "managed",
      "type": "random_integer",
      "name": "integer",
      "provider": "provider[\"registry.terraform.io/hashicorp/random\"]",
      "instances": [
        {
          "schema_version": 0,
          "attributes": {
            "id": "3692",
            "keepers": null,
            "max": 9999,
            "min": 1,
            "result": 3692,
            "seed": null
          },
          "sensitive_attributes": []
        }
      ]
    },
    {
      "module": "module.storage_container",
      "mode": "managed",
      "type": "azurerm_storage_container",
      "name": "container",
      "provider": "provider[\"registry.terraform.io/hashicorp/azurerm\"]",
      "instances": [
        {
          "schema_version": 1,
          "attributes": {
            "container_access_type": "private",
            "default_encryption_scope": "$account-encryption-key",
            "encryption_scope_override_enabled": true,
            "has_immutability_policy": false,
            "has_legal_hold": false,
            "id": "https://storage380.blob.core.windows.net/storage380",
            "metadata": {},
            "name": "storage380",
            "resource_manager_id": "/subscriptions/abdbf783-68b9-4a5b-841c-df2a8752cb9a/resourceGroups/resourcegroup/providers/Microsoft.Storage/storageAccounts/storage380/blobServices/default/containers/storage380",
            "storage_account_name": "storage380",
            "timeouts": null
          },
          "sensitive_attributes": [],
          "private": "eyJlMmJmYjczMC1lY2FhLTExZTYtOGY4OC0zNDM2M2JjN2M0YzAiOnsiY3JlYXRlIjoxODAwMDAwMDAwMDAwLCJkZWxldGUiOjE4MDAwMDAwMDAwMDAsInJlYWQiOjMwMDAwMDAwMDAwMCwidXBkYXRlIjoxODAwMDAwMDAwMDAwfSwic2NoZW1hX3ZlcnNpb24iOiIxIn0=",
          "dependencies": [
            "module.resource_group.azurerm_resource_group.rsg",
            "module.storage_account.azurerm_storage_account.storage",
            "module.storage_account.random_integer.int"
          ]
        }
      ]
    },
    {
      "module": "module.subnets",
      "mode": "managed",
      "type": "azurerm_subnet",
      "name": "subnet",
      "provider": "provider[\"registry.terraform.io/hashicorp/azurerm\"]",
      "instances": [
        {
          "schema_version": 0,
          "attributes": {
            "address_prefixes": [
              "192.168.1.0/24"
            ],
            "delegation": [],
            "enforce_private_link_endpoint_network_policies": false,
            "enforce_private_link_service_network_policies": false,
            "id": "/subscriptions/abdbf783-68b9-4a5b-841c-df2a8752cb9a/resourceGroups/resourcegroup/providers/Microsoft.Network/virtualNetworks/jenkinsmaster4/subnets/Subnet-1",
            "name": "Subnet-1",
            "private_endpoint_network_policies": "Enabled",
            "private_endpoint_network_policies_enabled": true,
            "private_link_service_network_policies_enabled": true,
            "resource_group_name": "resourcegroup",
            "service_endpoint_policy_ids": [],
            "service_endpoints": [],
            "timeouts": null,
            "virtual_network_name": "jenkinsmaster4"
          },
          "sensitive_attributes": [],
          "private": "eyJlMmJmYjczMC1lY2FhLTExZTYtOGY4OC0zNDM2M2JjN2M0YzAiOnsiY3JlYXRlIjoxODAwMDAwMDAwMDAwLCJkZWxldGUiOjE4MDAwMDAwMDAwMDAsInJlYWQiOjMwMDAwMDAwMDAwMCwidXBkYXRlIjoxODAwMDAwMDAwMDAwfX0=",
          "dependencies": [
            "module.resource_group.azurerm_resource_group.rsg",
            "module.virtual_networks.azurerm_virtual_network.vnet",
            "module.virtual_networks.random_integer.int"
          ]
        }
      ]
    },
    {
      "module": "module.virtual_networks",
      "mode": "managed",
      "type": "azurerm_virtual_network",
      "name": "vnet",
      "provider": "provider[\"registry.terraform.io/hashicorp/azurerm\"]",
      "instances": [
        {
          "schema_version": 0,
          "attributes": {
            "address_space": [
              "192.168.0.0/16"
            ],
            "bgp_community": "",
            "ddos_protection_plan": [],
            "dns_servers": [],
            "edge_zone": "",
            "encryption": [],
            "flow_timeout_in_minutes": 0,
            "guid": "06b13df4-e272-4d39-929b-99c188507c9e",
            "id": "/subscriptions/abdbf783-68b9-4a5b-841c-df2a8752cb9a/resourceGroups/resourcegroup/providers/Microsoft.Network/virtualNetworks/jenkinsmaster4",
            "location": "centralus",
            "name": "jenkinsmaster4",
            "resource_group_name": "resourcegroup",
            "subnet": [
              {
                "address_prefix": "192.168.1.0/24",
                "id": "/subscriptions/abdbf783-68b9-4a5b-841c-df2a8752cb9a/resourceGroups/resourcegroup/providers/Microsoft.Network/virtualNetworks/jenkinsmaster4/subnets/Subnet-1",
                "name": "Subnet-1",
                "security_group": ""
              }
            ],
            "tags": {},
            "timeouts": null
          },
          "sensitive_attributes": [],
          "private": "eyJlMmJmYjczMC1lY2FhLTExZTYtOGY4OC0zNDM2M2JjN2M0YzAiOnsiY3JlYXRlIjoxODAwMDAwMDAwMDAwLCJkZWxldGUiOjE4MDAwMDAwMDAwMDAsInJlYWQiOjMwMDAwMDAwMDAwMCwidXBkYXRlIjoxODAwMDAwMDAwMDAwfX0=",
          "dependencies": [
            "module.resource_group.azurerm_resource_group.rsg",
            "module.virtual_networks.random_integer.int"
          ]
        }
      ]
    },
    {
      "module": "module.virtual_networks",
      "mode": "managed",
      "type": "random_integer",
      "name": "int",
      "provider": "provider[\"registry.terraform.io/hashicorp/random\"]",
      "instances": [
        {
          "schema_version": 0,
          "attributes": {
            "id": "4",
            "keepers": null,
            "max": 20,
            "min": 1,
            "result": 4,
            "seed": null
          },
          "sensitive_attributes": []
        }
      ]
    }
  ],
  "check_results": null
}
